
Microsoft Visual Studio Solution File, Format Version 12.00
Project("{FAE04EC0-301F-11D3-BF4B-00C04F79EFBC}") = "MedicationSchedule.Service", "MedicationSchedule.Service\MedicationSchedule.Service.csproj", "{47BE4825-5214-4C3F-BF53-C4AC8D212648}"
EndProject
Global
	GlobalSection(SolutionConfigurationPlatforms) = preSolution
		Debug|Any CPU = Debug|Any CPU
		Release|Any CPU = Release|Any CPU
	EndGlobalSection
	GlobalSection(ProjectConfigurationPlatforms) = postSolution
		{47BE4825-5214-4C3F-BF53-C4AC8D212648}.Debug|Any CPU.ActiveCfg = Debug|Any CPU
		{47BE4825-5214-4C3F-BF53-C4AC8D212648}.Debug|Any CPU.Build.0 = Debug|Any CPU
		{47BE4825-5214-4C3F-BF53-C4AC8D212648}.Release|Any CPU.ActiveCfg = Release|Any CPU
		{47BE4825-5214-4C3F-BF53-C4AC8D212648}.Release|Any CPU.Build.0 = Release|Any CPU
	EndGlobalSection
EndGlobal
